
Microsoft Visual Studio Solution File, Format Version 12.00
# Visual Studio Version 17
VisualStudioVersion = 17.6.33712.159
MinimumVisualStudioVersion = 10.0.40219.1
Project("{FAE04EC0-301F-11D3-BF4B-00C04F79EFBC}") = "razr_pm_Kastyrin_Lab_2.1", "razr_pm_Kastyrin_Lab_2.1\razr_pm_Kastyrin_Lab_2.1.csproj", "{8E0EF66E-384F-460B-B8EF-567606AA5DA0}"
EndProject
Global
	GlobalSection(SolutionConfigurationPlatforms) = preSolution
		Debug|Any CPU = Debug|Any CPU
		Release|Any CPU = Release|Any CPU
	EndGlobalSection
	GlobalSection(ProjectConfigurationPlatforms) = postSolution
		{8E0EF66E-384F-460B-B8EF-567606AA5DA0}.Debug|Any CPU.ActiveCfg = Debug|Any CPU
		{8E0EF66E-384F-460B-B8EF-567606AA5DA0}.Debug|Any CPU.Build.0 = Debug|Any CPU
		{8E0EF66E-384F-460B-B8EF-567606AA5DA0}.Release|Any CPU.ActiveCfg = Release|Any CPU
		{8E0EF66E-384F-460B-B8EF-567606AA5DA0}.Release|Any CPU.Build.0 = Release|Any CPU
	EndGlobalSection
	GlobalSection(SolutionProperties) = preSolution
		HideSolutionNode = FALSE
	EndGlobalSection
	GlobalSection(ExtensibilityGlobals) = postSolution
		SolutionGuid = {F24B4552-0BD9-4F60-9625-1466C8E3140C}
	EndGlobalSection
EndGlobal
